# This file is generated by running "yarn install" inside your project.
# Manual changes might be lost - proceed with caution!

__metadata:
  version: 6
  cacheKey: 8

"@company/some-consuming-package@workspace:.":
  version: 0.0.0-use.local
  resolution: "@company/some-consuming-package@workspace:."
  dependencies:
    "@company/some-dependency-package": v4.0.0
    devcert: ^1.2.2
  languageName: unknown
  linkType: soft

"@company/some-dependency-package@npm:v4.0.0":
  version: 4.0.0
  resolution: "@company/some-dependency-package@npm:4.0.0
  dependencies:
    devcert: ^1.2.2
  dependenciesMeta:
    devcert@1.2.2:
      unplugged: true
  checksum: 0e2b2e2b4b
  languageName: node
  linkType: hard
